
Microsoft Visual Studio Solution File, Format Version 11.00
# Visual Studio 2010
Project("{FAE04EC0-301F-11D3-BF4B-00C04F79EFBC}") = "QuickFIXClientLib", "QuickFIXClientLib\QuickFIXClientLib.csproj", "{1C337819-FCA4-466D-B04E-CB77D2FA81EC}"
EndProject
Project("{FAE04EC0-301F-11D3-BF4B-00C04F79EFBC}") = "QuickFIXManualTestPanel", "QuickFIXManualTestPanel\QuickFIXManualTestPanel.csproj", "{E09E1008-0B49-486C-A8E5-2A71B20EF8D3}"
EndProject
Global
	GlobalSection(SolutionConfigurationPlatforms) = preSolution
		Debug|Any CPU = Debug|Any CPU
		Debug|Mixed Platforms = Debug|Mixed Platforms
		Debug|x86 = Debug|x86
		Release|Any CPU = Release|Any CPU
		Release|Mixed Platforms = Release|Mixed Platforms
		Release|x86 = Release|x86
	EndGlobalSection
	GlobalSection(ProjectConfigurationPlatforms) = postSolution
		{1C337819-FCA4-466D-B04E-CB77D2FA81EC}.Debug|Any CPU.ActiveCfg = Debug|Any CPU
		{1C337819-FCA4-466D-B04E-CB77D2FA81EC}.Debug|Any CPU.Build.0 = Debug|Any CPU
		{1C337819-FCA4-466D-B04E-CB77D2FA81EC}.Debug|Mixed Platforms.ActiveCfg = Debug|x86
		{1C337819-FCA4-466D-B04E-CB77D2FA81EC}.Debug|Mixed Platforms.Build.0 = Debug|x86
		{1C337819-FCA4-466D-B04E-CB77D2FA81EC}.Debug|x86.ActiveCfg = Debug|Any CPU
		{1C337819-FCA4-466D-B04E-CB77D2FA81EC}.Release|Any CPU.ActiveCfg = Release|Any CPU
		{1C337819-FCA4-466D-B04E-CB77D2FA81EC}.Release|Any CPU.Build.0 = Release|Any CPU
		{1C337819-FCA4-466D-B04E-CB77D2FA81EC}.Release|Mixed Platforms.ActiveCfg = Release|x86
		{1C337819-FCA4-466D-B04E-CB77D2FA81EC}.Release|Mixed Platforms.Build.0 = Release|x86
		{1C337819-FCA4-466D-B04E-CB77D2FA81EC}.Release|x86.ActiveCfg = Release|Any CPU
		{E09E1008-0B49-486C-A8E5-2A71B20EF8D3}.Debug|Any CPU.ActiveCfg = Debug|x86
		{E09E1008-0B49-486C-A8E5-2A71B20EF8D3}.Debug|Mixed Platforms.ActiveCfg = Debug|x86
		{E09E1008-0B49-486C-A8E5-2A71B20EF8D3}.Debug|Mixed Platforms.Build.0 = Debug|x86
		{E09E1008-0B49-486C-A8E5-2A71B20EF8D3}.Debug|x86.ActiveCfg = Debug|x86
		{E09E1008-0B49-486C-A8E5-2A71B20EF8D3}.Debug|x86.Build.0 = Debug|x86
		{E09E1008-0B49-486C-A8E5-2A71B20EF8D3}.Release|Any CPU.ActiveCfg = Release|x86
		{E09E1008-0B49-486C-A8E5-2A71B20EF8D3}.Release|Mixed Platforms.ActiveCfg = Release|x86
		{E09E1008-0B49-486C-A8E5-2A71B20EF8D3}.Release|Mixed Platforms.Build.0 = Release|x86
		{E09E1008-0B49-486C-A8E5-2A71B20EF8D3}.Release|x86.ActiveCfg = Release|x86
		{E09E1008-0B49-486C-A8E5-2A71B20EF8D3}.Release|x86.Build.0 = Release|x86
	EndGlobalSection
	GlobalSection(SolutionProperties) = preSolution
		HideSolutionNode = FALSE
	EndGlobalSection
EndGlobal
